
Microsoft Visual Studio Solution File, Format Version 12.00
# Visual Studio Version 16
VisualStudioVersion = 16.0.31005.135
MinimumVisualStudioVersion = 10.0.40219.1
Project("{FAE04EC0-301F-11D3-BF4B-00C04F79EFBC}") = "ReferenceTypes", "ReferenceTypes\ReferenceTypes.csproj", "{F12A68E1-0AE7-4025-B436-1D5AAA76B73B}"
EndProject
Global
	GlobalSection(SolutionConfigurationPlatforms) = preSolution
		Debug|Any CPU = Debug|Any CPU
		Release|Any CPU = Release|Any CPU
	EndGlobalSection
	GlobalSection(ProjectConfigurationPlatforms) = postSolution
		{F12A68E1-0AE7-4025-B436-1D5AAA76B73B}.Debug|Any CPU.ActiveCfg = Debug|Any CPU
		{F12A68E1-0AE7-4025-B436-1D5AAA76B73B}.Debug|Any CPU.Build.0 = Debug|Any CPU
		{F12A68E1-0AE7-4025-B436-1D5AAA76B73B}.Release|Any CPU.ActiveCfg = Release|Any CPU
		{F12A68E1-0AE7-4025-B436-1D5AAA76B73B}.Release|Any CPU.Build.0 = Release|Any CPU
	EndGlobalSection
	GlobalSection(SolutionProperties) = preSolution
		HideSolutionNode = FALSE
	EndGlobalSection
	GlobalSection(ExtensibilityGlobals) = postSolution
		SolutionGuid = {74A1C9B1-7E4C-49C0-AAB6-21083DBA03DC}
	EndGlobalSection
EndGlobal
